
Microsoft Visual Studio Solution File, Format Version 12.00
# Visual Studio 15
VisualStudioVersion = 15.0.27130.2036
MinimumVisualStudioVersion = 10.0.40219.1
Project("{FAE04EC0-301F-11D3-BF4B-00C04F79EFBC}") = "UserLogin", "UserLogin\UserLogin.csproj", "{77CFCFAE-4ACB-4F4C-A721-917DA5A90566}"
EndProject
Project("{FAE04EC0-301F-11D3-BF4B-00C04F79EFBC}") = "StudentRepository", "StudentRepository\StudentRepository.csproj", "{1C2E96F9-80BA-404E-BBF7-83BB4807733D}"
EndProject
Project("{FAE04EC0-301F-11D3-BF4B-00C04F79EFBC}") = "StudentInfoSystem", "StudentInfoSystem\StudentInfoSystem.csproj", "{E5AF709B-C01F-41B8-A404-95133DE7B521}"
EndProject
Project("{FAE04EC0-301F-11D3-BF4B-00C04F79EFBC}") = "WPFhello", "WPFhello\WPFhello.csproj", "{CE1ED90A-2F9B-4B29-A4E4-CF7DBDBCB219}"
EndProject
Project("{FAE04EC0-301F-11D3-BF4B-00C04F79EFBC}") = "ExpenseIt", "ExpenseIt\ExpenseIt.csproj", "{8E91F784-B17E-44DE-903F-0B0137ABFE23}"
EndProject
Global
	GlobalSection(SolutionConfigurationPlatforms) = preSolution
		Debug|Any CPU = Debug|Any CPU
		Release|Any CPU = Release|Any CPU
	EndGlobalSection
	GlobalSection(ProjectConfigurationPlatforms) = postSolution
		{77CFCFAE-4ACB-4F4C-A721-917DA5A90566}.Debug|Any CPU.ActiveCfg = Debug|Any CPU
		{77CFCFAE-4ACB-4F4C-A721-917DA5A90566}.Debug|Any CPU.Build.0 = Debug|Any CPU
		{77CFCFAE-4ACB-4F4C-A721-917DA5A90566}.Release|Any CPU.ActiveCfg = Release|Any CPU
		{77CFCFAE-4ACB-4F4C-A721-917DA5A90566}.Release|Any CPU.Build.0 = Release|Any CPU
		{1C2E96F9-80BA-404E-BBF7-83BB4807733D}.Debug|Any CPU.ActiveCfg = Debug|Any CPU
		{1C2E96F9-80BA-404E-BBF7-83BB4807733D}.Debug|Any CPU.Build.0 = Debug|Any CPU
		{1C2E96F9-80BA-404E-BBF7-83BB4807733D}.Release|Any CPU.ActiveCfg = Release|Any CPU
		{1C2E96F9-80BA-404E-BBF7-83BB4807733D}.Release|Any CPU.Build.0 = Release|Any CPU
		{E5AF709B-C01F-41B8-A404-95133DE7B521}.Debug|Any CPU.ActiveCfg = Debug|Any CPU
		{E5AF709B-C01F-41B8-A404-95133DE7B521}.Debug|Any CPU.Build.0 = Debug|Any CPU
		{E5AF709B-C01F-41B8-A404-95133DE7B521}.Release|Any CPU.ActiveCfg = Release|Any CPU
		{E5AF709B-C01F-41B8-A404-95133DE7B521}.Release|Any CPU.Build.0 = Release|Any CPU
		{CE1ED90A-2F9B-4B29-A4E4-CF7DBDBCB219}.Debug|Any CPU.ActiveCfg = Debug|Any CPU
		{CE1ED90A-2F9B-4B29-A4E4-CF7DBDBCB219}.Debug|Any CPU.Build.0 = Debug|Any CPU
		{CE1ED90A-2F9B-4B29-A4E4-CF7DBDBCB219}.Release|Any CPU.ActiveCfg = Release|Any CPU
		{CE1ED90A-2F9B-4B29-A4E4-CF7DBDBCB219}.Release|Any CPU.Build.0 = Release|Any CPU
		{8E91F784-B17E-44DE-903F-0B0137ABFE23}.Debug|Any CPU.ActiveCfg = Debug|Any CPU
		{8E91F784-B17E-44DE-903F-0B0137ABFE23}.Debug|Any CPU.Build.0 = Debug|Any CPU
		{8E91F784-B17E-44DE-903F-0B0137ABFE23}.Release|Any CPU.ActiveCfg = Release|Any CPU
		{8E91F784-B17E-44DE-903F-0B0137ABFE23}.Release|Any CPU.Build.0 = Release|Any CPU
	EndGlobalSection
	GlobalSection(SolutionProperties) = preSolution
		HideSolutionNode = FALSE
	EndGlobalSection
	GlobalSection(ExtensibilityGlobals) = postSolution
		SolutionGuid = {E75DA34E-D654-4EBD-B05F-8BE9BA6386B4}
	EndGlobalSection
EndGlobal
